// !$*UTF8*$!
{
	archiveVersion = 1;
	classes = {
	};
	objectVersion = 46;
	objects = {

/* Begin PBXBuildFile section */
		894B98C21E930DA000408A68 /* AppDelegate.swift in Sources */ = {isa = PBXBuildFile; fileRef = 894B98C11E930DA000408A68 /* AppDelegate.swift */; };
		894B98C41E930DA000408A68 /* ViewController.swift in Sources */ = {isa = PBXBuildFile; fileRef = 894B98C31E930DA000408A68 /* ViewController.swift */; };
		894B98C71E930DA000408A68 /* Main.storyboard in Resources */ = {isa = PBXBuildFile; fileRef = 894B98C51E930DA000408A68 /* Main.storyboard */; };
		894B98C91E930DA000408A68 /* Assets.xcassets in Resources */ = {isa = PBXBuildFile; fileRef = 894B98C81E930DA000408A68 /* Assets.xcassets */; };
		894B98CC1E930DA000408A68 /* LaunchScreen.storyboard in Resources */ = {isa = PBXBuildFile; fileRef = 894B98CA1E930DA000408A68 /* LaunchScreen.storyboard */; };
		894B98D71E930DA000408A68 /* coldCallv2Tests.swift in Sources */ = {isa = PBXBuildFile; fileRef = 894B98D61E930DA000408A68 /* coldCallv2Tests.swift */; };
		894B98E21E930DA000408A68 /* coldCallv2UITests.swift in Sources */ = {isa = PBXBuildFile; fileRef = 894B98E11E930DA000408A68 /* coldCallv2UITests.swift */; };
/* End PBXBuildFile section */

/* Begin PBXContainerItemProxy section */
		894B98D31E930DA000408A68 /* PBXContainerItemProxy */ = {
			isa = PBXContainerItemProxy;
			containerPortal = 894B98B61E930DA000408A68 /* Project object */;
			proxyType = 1;
			remoteGlobalIDString = 894B98BD1E930DA000408A68;
			remoteInfo = coldCallv2;
		};
		894B98DE1E930DA000408A68 /* PBXContainerItemProxy */ = {
			isa = PBXContainerItemProxy;
			containerPortal = 894B98B61E930DA000408A68 /* Project object */;
			proxyType = 1;
			remoteGlobalIDString = 894B98BD1E930DA000408A68;
			remoteInfo = coldCallv2;
		};
/* End PBXContainerItemProxy section */

/* Begin PBXFileReference section */
		894B98BE1E930DA000408A68 /* coldCallv2.app */ = {isa = PBXFileReference; explicitFileType = wrapper.application; includeInIndex = 0; path = coldCallv2.app; sourceTree = BUILT_PRODUCTS_DIR; };
		894B98C11E930DA000408A68 /* AppDelegate.swift */ = {isa = PBXFileReference; lastKnownFileType = sourcecode.swift; path = AppDelegate.swift; sourceTree = "<group>"; };
		894B98C31E930DA000408A68 /* ViewController.swift */ = {isa = PBXFileReference; lastKnownFileType = sourcecode.swift; path = ViewController.swift; sourceTree = "<group>"; };
		894B98C61E930DA000408A68 /* Base */ = {isa = PBXFileReference; lastKnownFileType = file.storyboard; name = Base; path = Base.lproj/Main.storyboard; sourceTree = "<group>"; };
		894B98C81E930DA000408A68 /* Assets.xcassets */ = {isa = PBXFileReference; lastKnownFileType = folder.assetcatalog; path = Assets.xcassets; sourceTree = "<group>"; };
		894B98CB1E930DA000408A68 /* Base */ = {isa = PBXFileReference; lastKnownFileType = file.storyboard; name = Base; path = Base.lproj/LaunchScreen.storyboard; sourceTree = "<group>"; };
		894B98CD1E930DA000408A68 /* Info.plist */ = {isa = PBXFileReference; lastKnownFileType = text.plist.xml; path = Info.plist; sourceTree = "<group>"; };
		894B98D21E930DA000408A68 /* coldCallv2Tests.xctest */ = {isa = PBXFileReference; explicitFileType = wrapper.cfbundle; includeInIndex = 0; path = coldCallv2Tests.xctest; sourceTree = BUILT_PRODUCTS_DIR; };
		894B98D61E930DA000408A68 /* coldCallv2Tests.swift */ = {isa = PBXFileReference; lastKnownFileType = sourcecode.swift; path = coldCallv2Tests.swift; sourceTree = "<group>"; };
		894B98D81E930DA000408A68 /* Info.plist */ = {isa = PBXFileReference; lastKnownFileType = text.plist.xml; path = Info.plist; sourceTree = "<group>"; };
		894B98DD1E930DA000408A68 /* coldCallv2UITests.xctest */ = {isa = PBXFileReference; explicitFileType = wrapper.cfbundle; includeInIndex = 0; path = coldCallv2UITests.xctest; sourceTree = BUILT_PRODUCTS_DIR; };
		894B98E11E930DA000408A68 /* coldCallv2UITests.swift */ = {isa = PBXFileReference; lastKnownFileType = sourcecode.swift; path = coldCallv2UITests.swift; sourceTree = "<group>"; };
		894B98E31E930DA000408A68 /* Info.plist */ = {isa = PBXFileReference; lastKnownFileType = text.plist.xml; path = Info.plist; sourceTree = "<group>"; };
/* End PBXFileReference section */

/* Begin PBXFrameworksBuildPhase section */
		894B98BB1E930DA000408A68 /* Frameworks */ = {
			isa = PBXFrameworksBuildPhase;
			buildActionMask = 2147483647;
			files = (
			);
			runOnlyForDeploymentPostprocessing = 0;
		};
		894B98CF1E930DA000408A68 /* Frameworks */ = {
			isa = PBXFrameworksBuildPhase;
			buildActionMask = 2147483647;
			files = (
			);
			runOnlyForDeploymentPostprocessing = 0;
		};
		894B98DA1E930DA000408A68 /* Frameworks */ = {
			isa = PBXFrameworksBuildPhase;
			buildActionMask = 2147483647;
			files = (
			);
			runOnlyForDeploymentPostprocessing = 0;
		};
/* End PBXFrameworksBuildPhase section */

/* Begin PBXGroup section */
		894B98B51E930DA000408A68 = {
			isa = PBXGroup;
			children = (
				894B98C01E930DA000408A68 /* coldCallv2 */,
				894B98D51E930DA000408A68 /* coldCallv2Tests */,
				894B98E01E930DA000408A68 /* coldCallv2UITests */,
				894B98BF1E930DA000408A68 /* Products */,
			);
			sourceTree = "<group>";
		};
		894B98BF1E930DA000408A68 /* Products */ = {
			isa = PBXGroup;
			children = (
				894B98BE1E930DA000408A68 /* coldCallv2.app */,
				894B98D21E930DA000408A68 /* coldCallv2Tests.xctest */,
				894B98DD1E930DA000408A68 /* coldCallv2UITests.xctest */,
			);
			name = Products;
			sourceTree = "<group>";
		};
		894B98C01E930DA000408A68 /* coldCallv2 */ = {
			isa = PBXGroup;
			children = (
				894B98C11E930DA000408A68 /* AppDelegate.swift */,
				894B98C31E930DA000408A68 /* ViewController.swift */,
				894B98C51E930DA000408A68 /* Main.storyboard */,
				894B98C81E930DA000408A68 /* Assets.xcassets */,
				894B98CA1E930DA000408A68 /* LaunchScreen.storyboard */,
				894B98CD1E930DA000408A68 /* Info.plist */,
			);
			path = coldCallv2;
			sourceTree = "<group>";
		};
		894B98D51E930DA000408A68 /* coldCallv2Tests */ = {
			isa = PBXGroup;
			children = (
				894B98D61E930DA000408A68 /* coldCallv2Tests.swift */,
				894B98D81E930DA000408A68 /* Info.plist */,
			);
			path = coldCallv2Tests;
			sourceTree = "<group>";
		};
		894B98E01E930DA000408A68 /* coldCallv2UITests */ = {
			isa = PBXGroup;
			children = (
				894B98E11E930DA000408A68 /* coldCallv2UITests.swift */,
				894B98E31E930DA000408A68 /* Info.plist */,
			);
			path = coldCallv2UITests;
			sourceTree = "<group>";
		};
/* End PBXGroup section */

/* Begin PBXNativeTarget section */
		894B98BD1E930DA000408A68 /* coldCallv2 */ = {
			isa = PBXNativeTarget;
			buildConfigurationList = 894B98E61E930DA000408A68 /* Build configuration list for PBXNativeTarget "coldCallv2" */;
			buildPhases = (
				894B98BA1E930DA000408A68 /* Sources */,
				894B98BB1E930DA000408A68 /* Frameworks */,
				894B98BC1E930DA000408A68 /* Resources */,
			);
			buildRules = (
			);
			dependencies = (
			);
			name = coldCallv2;
			productName = coldCallv2;
			productReference = 894B98BE1E930DA000408A68 /* coldCallv2.app */;
			productType = "com.apple.product-type.application";
		};
		894B98D11E930DA000408A68 /* coldCallv2Tests */ = {
			isa = PBXNativeTarget;
			buildConfigurationList = 894B98E91E930DA000408A68 /* Build configuration list for PBXNativeTarget "coldCallv2Tests" */;
			buildPhases = (
				894B98CE1E930DA000408A68 /* Sources */,
				894B98CF1E930DA000408A68 /* Frameworks */,
				894B98D01E930DA000408A68 /* Resources */,
			);
			buildRules = (
			);
			dependencies = (
				894B98D41E930DA000408A68 /* PBXTargetDependency */,
			);
			name = coldCallv2Tests;
			productName = coldCallv2Tests;
			productReference = 894B98D21E930DA000408A68 /* coldCallv2Tests.xctest */;
			productType = "com.apple.product-type.bundle.unit-test";
		};
		894B98DC1E930DA000408A68 /* coldCallv2UITests */ = {
			isa = PBXNativeTarget;
			buildConfigurationList = 894B98EC1E930DA000408A68 /* Build configuration list for PBXNativeTarget "coldCallv2UITests" */;
			buildPhases = (
				894B98D91E930DA000408A68 /* Sources */,
				894B98DA1E930DA000408A68 /* Frameworks */,
				894B98DB1E930DA000408A68 /* Resources */,
			);
			buildRules = (
			);
			dependencies = (
				894B98DF1E930DA000408A68 /* PBXTargetDependency */,
			);
			name = coldCallv2UITests;
			productName = coldCallv2UITests;
			productReference = 894B98DD1E930DA000408A68 /* coldCallv2UITests.xctest */;
			productType = "com.apple.product-type.bundle.ui-testing";
		};
/* End PBXNativeTarget section */

/* Begin PBXProject section */
		894B98B61E930DA000408A68 /* Project object */ = {
			isa = PBXProject;
			attributes = {
				LastSwiftUpdateCheck = 0830;
				LastUpgradeCheck = 0830;
				ORGANIZATIONNAME = "Briggs McKnight";
				TargetAttributes = {
					894B98BD1E930DA000408A68 = {
						CreatedOnToolsVersion = 8.3;
						ProvisioningStyle = Automatic;
					};
					894B98D11E930DA000408A68 = {
						CreatedOnToolsVersion = 8.3;
						ProvisioningStyle = Automatic;
						TestTargetID = 894B98BD1E930DA000408A68;
					};
					894B98DC1E930DA000408A68 = {
						CreatedOnToolsVersion = 8.3;
						ProvisioningStyle = Automatic;
						TestTargetID = 894B98BD1E930DA000408A68;
					};
				};
			};
			buildConfigurationList = 894B98B91E930DA000408A68 /* Build configuration list for PBXProject "coldCallv2" */;
			compatibilityVersion = "Xcode 3.2";
			developmentRegion = English;
			hasScannedForEncodings = 0;
			knownRegions = (
				en,
				Base,
			);
			mainGroup = 894B98B51E930DA000408A68;
			productRefGroup = 894B98BF1E930DA000408A68 /* Products */;
			projectDirPath = "";
			projectRoot = "";
			targets = (
				894B98BD1E930DA000408A68 /* coldCallv2 */,
				894B98D11E930DA000408A68 /* coldCallv2Tests */,
				894B98DC1E930DA000408A68 /* coldCallv2UITests */,
			);
		};
/* End PBXProject section */

/* Begin PBXResourcesBuildPhase section */
		894B98BC1E930DA000408A68 /* Resources */ = {
			isa = PBXResourcesBuildPhase;
			buildActionMask = 2147483647;
			files = (
				894B98CC1E930DA000408A68 /* LaunchScreen.storyboard in Resources */,
				894B98C91E930DA000408A68 /* Assets.xcassets in Resources */,
				894B98C71E930DA000408A68 /* Main.storyboard in Resources */,
			);
			runOnlyForDeploymentPostprocessing = 0;
		};
		894B98D01E930DA000408A68 /* Resources */ = {
			isa = PBXResourcesBuildPhase;
			buildActionMask = 2147483647;
			files = (
			);
			runOnlyForDeploymentPostprocessing = 0;
		};
		894B98DB1E930DA000408A68 /* Resources */ = {
			isa = PBXResourcesBuildPhase;
			buildActionMask = 2147483647;
			files = (
			);
			runOnlyForDeploymentPostprocessing = 0;
		};
/* End PBXResourcesBuildPhase section */

/* Begin PBXSourcesBuildPhase section */
		894B98BA1E930DA000408A68 /* Sources */ = {
			isa = PBXSourcesBuildPhase;
			buildActionMask = 2147483647;
			files = (
				894B98C41E930DA000408A68 /* ViewController.swift in Sources */,
				894B98C21E930DA000408A68 /* AppDelegate.swift in Sources */,
			);
			runOnlyForDeploymentPostprocessing = 0;
		};
		894B98CE1E930DA000408A68 /* Sources */ = {
			isa = PBXSourcesBuildPhase;
			buildActionMask = 2147483647;
			files = (
				894B98D71E930DA000408A68 /* coldCallv2Tests.swift in Sources */,
			);
			runOnlyForDeploymentPostprocessing = 0;
		};
		894B98D91E930DA000408A68 /* Sources */ = {
			isa = PBXSourcesBuildPhase;
			buildActionMask = 2147483647;
			files = (
				894B98E21E930DA000408A68 /* coldCallv2UITests.swift in Sources */,
			);
			runOnlyForDeploymentPostprocessing = 0;
		};
/* End PBXSourcesBuildPhase section */

/* Begin PBXTargetDependency section */
		894B98D41E930DA000408A68 /* PBXTargetDependency */ = {
			isa = PBXTargetDependency;
			target = 894B98BD1E930DA000408A68 /* coldCallv2 */;
			targetProxy = 894B98D31E930DA000408A68 /* PBXContainerItemProxy */;
		};
		894B98DF1E930DA000408A68 /* PBXTargetDependency */ = {
			isa = PBXTargetDependency;
			target = 894B98BD1E930DA000408A68 /* coldCallv2 */;
			targetProxy = 894B98DE1E930DA000408A68 /* PBXContainerItemProxy */;
		};
/* End PBXTargetDependency section */

/* Begin PBXVariantGroup section */
		894B98C51E930DA000408A68 /* Main.storyboard */ = {
			isa = PBXVariantGroup;
			children = (
				894B98C61E930DA000408A68 /* Base */,
			);
			name = Main.storyboard;
			sourceTree = "<group>";
		};
		894B98CA1E930DA000408A68 /* LaunchScreen.storyboard */ = {
			isa = PBXVariantGroup;
			children = (
				894B98CB1E930DA000408A68 /* Base */,
			);
			name = LaunchScreen.storyboard;
			sourceTree = "<group>";
		};
/* End PBXVariantGroup section */

/* Begin XCBuildConfiguration section */
		894B98E41E930DA000408A68 /* Debug */ = {
			isa = XCBuildConfiguration;
			buildSettings = {
				ALWAYS_SEARCH_USER_PATHS = NO;
				CLANG_ANALYZER_NONNULL = YES;
				CLANG_ANALYZER_NUMBER_OBJECT_CONVERSION = YES_AGGRESSIVE;
				CLANG_CXX_LANGUAGE_STANDARD = "gnu++0x";
				CLANG_CXX_LIBRARY = "libc++";
				CLANG_ENABLE_MODULES = YES;
				CLANG_ENABLE_OBJC_ARC = YES;
				CLANG_WARN_BOOL_CONVERSION = YES;
				CLANG_WARN_CONSTANT_CONVERSION = YES;
				CLANG_WARN_DIRECT_OBJC_ISA_USAGE = YES_ERROR;
				CLANG_WARN_DOCUMENTATION_COMMENTS = YES;
				CLANG_WARN_EMPTY_BODY = YES;
				CLANG_WARN_ENUM_CONVERSION = YES;
				CLANG_WARN_INFINITE_RECURSION = YES;
				CLANG_WARN_INT_CONVERSION = YES;
				CLANG_WARN_OBJC_ROOT_CLASS = YES_ERROR;
				CLANG_WARN_SUSPICIOUS_MOVE = YES;
				CLANG_WARN_UNREACHABLE_CODE = YES;
				CLANG_WARN__DUPLICATE_METHOD_MATCH = YES;
				"CODE_SIGN_IDENTITY[sdk=iphoneos*]" = "iPhone Developer";
				COPY_PHASE_STRIP = NO;
				DEBUG_INFORMATION_FORMAT = dwarf;
				ENABLE_STRICT_OBJC_MSGSEND = YES;
				ENABLE_TESTABILITY = YES;
				GCC_C_LANGUAGE_STANDARD = gnu99;
				GCC_DYNAMIC_NO_PIC = NO;
				GCC_NO_COMMON_BLOCKS = YES;
				GCC_OPTIMIZATION_LEVEL = 0;
				GCC_PREPROCESSOR_DEFINITIONS = (
					"DEBUG=1",
					"$(inherited)",
				);
				GCC_WARN_64_TO_32_BIT_CONVERSION = YES;
				GCC_WARN_ABOUT_RETURN_TYPE = YES_ERROR;
				GCC_WARN_UNDECLARED_SELECTOR = YES;
				GCC_WARN_UNINITIALIZED_AUTOS = YES_AGGRESSIVE;
				GCC_WARN_UNUSED_FUNCTION = YES;
				GCC_WARN_UNUSED_VARIABLE = YES;
				IPHONEOS_DEPLOYMENT_TARGET = 10.3;
				MTL_ENABLE_DEBUG_INFO = YES;
				ONLY_ACTIVE_ARCH = YES;
				SDKROOT = iphoneos;
				SWIFT_ACTIVE_COMPILATION_CONDITIONS = DEBUG;
				SWIFT_OPTIMIZATION_LEVEL = "-Onone";
				TARGETED_DEVICE_FAMILY = "1,2";
			};
			name = Debug;
		};
		894B98E51E930DA000408A68 /* Release */ = {
			isa = XCBuildConfiguration;
			buildSettings = {
				ALWAYS_SEARCH_USER_PATHS = NO;
				CLANG_ANALYZER_NONNULL = YES;
				CLANG_ANALYZER_NUMBER_OBJECT_CONVERSION = YES_AGGRESSIVE;
				CLANG_CXX_LANGUAGE_STANDARD = "gnu++0x";
				CLANG_CXX_LIBRARY = "libc++";
				CLANG_ENABLE_MODULES = YES;
				CLANG_ENABLE_OBJC_ARC = YES;
				CLANG_WARN_BOOL_CONVERSION = YES;
				CLANG_WARN_CONSTANT_CONVERSION = YES;
				CLANG_WARN_DIRECT_OBJC_ISA_USAGE = YES_ERROR;
				CLANG_WARN_DOCUMENTATION_COMMENTS = YES;
				CLANG_WARN_EMPTY_BODY = YES;
				CLANG_WARN_ENUM_CONVERSION = YES;
				CLANG_WARN_INFINITE_RECURSION = YES;
				CLANG_WARN_INT_CONVERSION = YES;
				CLANG_WARN_OBJC_ROOT_CLASS = YES_ERROR;
				CLANG_WARN_SUSPICIOUS_MOVE = YES;
				CLANG_WARN_UNREACHABLE_CODE = YES;
				CLANG_WARN__DUPLICATE_METHOD_MATCH = YES;
				"CODE_SIGN_IDENTITY[sdk=iphoneos*]" = "iPhone Developer";
				COPY_PHASE_STRIP = NO;
				DEBUG_INFORMATION_FORMAT = "dwarf-with-dsym";
				ENABLE_NS_ASSERTIONS = NO;
				ENABLE_STRICT_OBJC_MSGSEND = YES;
				GCC_C_LANGUAGE_STANDARD = gnu99;
				GCC_NO_COMMON_BLOCKS = YES;
				GCC_WARN_64_TO_32_BIT_CONVERSION = YES;
				GCC_WARN_ABOUT_RETURN_TYPE = YES_ERROR;
				GCC_WARN_UNDECLARED_SELECTOR = YES;
				GCC_WARN_UNINITIALIZED_AUTOS = YES_AGGRESSIVE;
				GCC_WARN_UNUSED_FUNCTION = YES;
				GCC_WARN_UNUSED_VARIABLE = YES;
				IPHONEOS_DEPLOYMENT_TARGET = 10.3;
				MTL_ENABLE_DEBUG_INFO = NO;
				SDKROOT = iphoneos;
				SWIFT_OPTIMIZATION_LEVEL = "-Owholemodule";
				TARGETED_DEVICE_FAMILY = "1,2";
				VALIDATE_PRODUCT = YES;
			};
			name = Release;
		};
		894B98E71E930DA000408A68 /* Debug */ = {
			isa = XCBuildConfiguration;
			buildSettings = {
				ASSETCATALOG_COMPILER_APPICON_NAME = AppIcon;
				INFOPLIST_FILE = coldCallv2/Info.plist;
				LD_RUNPATH_SEARCH_PATHS = "$(inherited) @executable_path/Frameworks";
				PRODUCT_BUNDLE_IDENTIFIER = BAM.coldCallv2;
				PRODUCT_NAME = "$(TARGET_NAME)";
				SWIFT_VERSION = 3.0;
			};
			name = Debug;
		};
		894B98E81E930DA000408A68 /* Release */ = {
			isa = XCBuildConfiguration;
			buildSettings = {
				ASSETCATALOG_COMPILER_APPICON_NAME = AppIcon;
				INFOPLIST_FILE = coldCallv2/Info.plist;
				LD_RUNPATH_SEARCH_PATHS = "$(inherited) @executable_path/Frameworks";
				PRODUCT_BUNDLE_IDENTIFIER = BAM.coldCallv2;
				PRODUCT_NAME = "$(TARGET_NAME)";
				SWIFT_VERSION = 3.0;
			};
			name = Release;
		};
		894B98EA1E930DA000408A68 /* Debug */ = {
			isa = XCBuildConfiguration;
			buildSettings = {
				ALWAYS_EMBED_SWIFT_STANDARD_LIBRARIES = YES;
				BUNDLE_LOADER = "$(TEST_HOST)";
				INFOPLIST_FILE = coldCallv2Tests/Info.plist;
				LD_RUNPATH_SEARCH_PATHS = "$(inherited) @executable_path/Frameworks @loader_path/Frameworks";
				PRODUCT_BUNDLE_IDENTIFIER = BAM.coldCallv2Tests;
				PRODUCT_NAME = "$(TARGET_NAME)";
				SWIFT_VERSION = 3.0;
				TEST_HOST = "$(BUILT_PRODUCTS_DIR)/coldCallv2.app/coldCallv2";
			};
			name = Debug;
		};
		894B98EB1E930DA000408A68 /* Release */ = {
			isa = XCBuildConfiguration;
			buildSettings = {
				ALWAYS_EMBED_SWIFT_STANDARD_LIBRARIES = YES;
				BUNDLE_LOADER = "$(TEST_HOST)";
				INFOPLIST_FILE = coldCallv2Tests/Info.plist;
				LD_RUNPATH_SEARCH_PATHS = "$(inherited) @executable_path/Frameworks @loader_path/Frameworks";
				PRODUCT_BUNDLE_IDENTIFIER = BAM.coldCallv2Tests;
				PRODUCT_NAME = "$(TARGET_NAME)";
				SWIFT_VERSION = 3.0;
				TEST_HOST = "$(BUILT_PRODUCTS_DIR)/coldCallv2.app/coldCallv2";
			};
			name = Release;
		};
		894B98ED1E930DA000408A68 /* Debug */ = {
			isa = XCBuildConfiguration;
			buildSettings = {
				ALWAYS_EMBED_SWIFT_STANDARD_LIBRARIES = YES;
				INFOPLIST_FILE = coldCallv2UITests/Info.plist;
				LD_RUNPATH_SEARCH_PATHS = "$(inherited) @executable_path/Frameworks @loader_path/Frameworks";
				PRODUCT_BUNDLE_IDENTIFIER = BAM.coldCallv2UITests;
				PRODUCT_NAME = "$(TARGET_NAME)";
				SWIFT_VERSION = 3.0;
				TEST_TARGET_NAME = coldCallv2;
			};
			name = Debug;
		};
		894B98EE1E930DA000408A68 /* Release */ = {
			isa = XCBuildConfiguration;
			buildSettings = {
				ALWAYS_EMBED_SWIFT_STANDARD_LIBRARIES = YES;
				INFOPLIST_FILE = coldCallv2UITests/Info.plist;
				LD_RUNPATH_SEARCH_PATHS = "$(inherited) @executable_path/Frameworks @loader_path/Frameworks";
				PRODUCT_BUNDLE_IDENTIFIER = BAM.coldCallv2UITests;
				PRODUCT_NAME = "$(TARGET_NAME)";
				SWIFT_VERSION = 3.0;
				TEST_TARGET_NAME = coldCallv2;
			};
			name = Release;
		};
/* End XCBuildConfiguration section */

/* Begin XCConfigurationList section */
		894B98B91E930DA000408A68 /* Build configuration list for PBXProject "coldCallv2" */ = {
			isa = XCConfigurationList;
			buildConfigurations = (
				894B98E41E930DA000408A68 /* Debug */,
				894B98E51E930DA000408A68 /* Release */,
			);
			defaultConfigurationIsVisible = 0;
			defaultConfigurationName = Release;
		};
		894B98E61E930DA000408A68 /* Build configuration list for PBXNativeTarget "coldCallv2" */ = {
			isa = XCConfigurationList;
			buildConfigurations = (
				894B98E71E930DA000408A68 /* Debug */,
				894B98E81E930DA000408A68 /* Release */,
			);
			defaultConfigurationIsVisible = 0;
		};
		894B98E91E930DA000408A68 /* Build configuration list for PBXNativeTarget "coldCallv2Tests" */ = {
			isa = XCConfigurationList;
			buildConfigurations = (
				894B98EA1E930DA000408A68 /* Debug */,
				894B98EB1E930DA000408A68 /* Release */,
			);
			defaultConfigurationIsVisible = 0;
		};
		894B98EC1E930DA000408A68 /* Build configuration list for PBXNativeTarget "coldCallv2UITests" */ = {
			isa = XCConfigurationList;
			buildConfigurations = (
				894B98ED1E930DA000408A68 /* Debug */,
				894B98EE1E930DA000408A68 /* Release */,
			);
			defaultConfigurationIsVisible = 0;
		};
/* End XCConfigurationList section */
	};
	rootObject = 894B98B61E930DA000408A68 /* Project object */;
}
