// !$*UTF8*$!
{
	archiveVersion = 1;
	classes = {
	};
	objectVersion = 46;
	objects = {

/* Begin PBXBuildFile section */
		894B98FC1E9359F000408A68 /* AppDelegate.swift in Sources */ = {isa = PBXBuildFile; fileRef = 894B98FB1E9359F000408A68 /* AppDelegate.swift */; };
		894B98FE1E9359F000408A68 /* ViewController.swift in Sources */ = {isa = PBXBuildFile; fileRef = 894B98FD1E9359F000408A68 /* ViewController.swift */; };
		894B99011E9359F000408A68 /* Main.storyboard in Resources */ = {isa = PBXBuildFile; fileRef = 894B98FF1E9359F000408A68 /* Main.storyboard */; };
		894B99031E9359F000408A68 /* Assets.xcassets in Resources */ = {isa = PBXBuildFile; fileRef = 894B99021E9359F000408A68 /* Assets.xcassets */; };
		894B99061E9359F000408A68 /* LaunchScreen.storyboard in Resources */ = {isa = PBXBuildFile; fileRef = 894B99041E9359F000408A68 /* LaunchScreen.storyboard */; };
		894B99111E9359F000408A68 /* ninjaGoldTests.swift in Sources */ = {isa = PBXBuildFile; fileRef = 894B99101E9359F000408A68 /* ninjaGoldTests.swift */; };
		894B991C1E9359F000408A68 /* ninjaGoldUITests.swift in Sources */ = {isa = PBXBuildFile; fileRef = 894B991B1E9359F000408A68 /* ninjaGoldUITests.swift */; };
/* End PBXBuildFile section */

/* Begin PBXContainerItemProxy section */
		894B990D1E9359F000408A68 /* PBXContainerItemProxy */ = {
			isa = PBXContainerItemProxy;
			containerPortal = 894B98F01E9359EF00408A68 /* Project object */;
			proxyType = 1;
			remoteGlobalIDString = 894B98F71E9359F000408A68;
			remoteInfo = ninjaGold;
		};
		894B99181E9359F000408A68 /* PBXContainerItemProxy */ = {
			isa = PBXContainerItemProxy;
			containerPortal = 894B98F01E9359EF00408A68 /* Project object */;
			proxyType = 1;
			remoteGlobalIDString = 894B98F71E9359F000408A68;
			remoteInfo = ninjaGold;
		};
/* End PBXContainerItemProxy section */

/* Begin PBXFileReference section */
		894B98F81E9359F000408A68 /* ninjaGold.app */ = {isa = PBXFileReference; explicitFileType = wrapper.application; includeInIndex = 0; path = ninjaGold.app; sourceTree = BUILT_PRODUCTS_DIR; };
		894B98FB1E9359F000408A68 /* AppDelegate.swift */ = {isa = PBXFileReference; lastKnownFileType = sourcecode.swift; path = AppDelegate.swift; sourceTree = "<group>"; };
		894B98FD1E9359F000408A68 /* ViewController.swift */ = {isa = PBXFileReference; lastKnownFileType = sourcecode.swift; path = ViewController.swift; sourceTree = "<group>"; };
		894B99001E9359F000408A68 /* Base */ = {isa = PBXFileReference; lastKnownFileType = file.storyboard; name = Base; path = Base.lproj/Main.storyboard; sourceTree = "<group>"; };
		894B99021E9359F000408A68 /* Assets.xcassets */ = {isa = PBXFileReference; lastKnownFileType = folder.assetcatalog; path = Assets.xcassets; sourceTree = "<group>"; };
		894B99051E9359F000408A68 /* Base */ = {isa = PBXFileReference; lastKnownFileType = file.storyboard; name = Base; path = Base.lproj/LaunchScreen.storyboard; sourceTree = "<group>"; };
		894B99071E9359F000408A68 /* Info.plist */ = {isa = PBXFileReference; lastKnownFileType = text.plist.xml; path = Info.plist; sourceTree = "<group>"; };
		894B990C1E9359F000408A68 /* ninjaGoldTests.xctest */ = {isa = PBXFileReference; explicitFileType = wrapper.cfbundle; includeInIndex = 0; path = ninjaGoldTests.xctest; sourceTree = BUILT_PRODUCTS_DIR; };
		894B99101E9359F000408A68 /* ninjaGoldTests.swift */ = {isa = PBXFileReference; lastKnownFileType = sourcecode.swift; path = ninjaGoldTests.swift; sourceTree = "<group>"; };
		894B99121E9359F000408A68 /* Info.plist */ = {isa = PBXFileReference; lastKnownFileType = text.plist.xml; path = Info.plist; sourceTree = "<group>"; };
		894B99171E9359F000408A68 /* ninjaGoldUITests.xctest */ = {isa = PBXFileReference; explicitFileType = wrapper.cfbundle; includeInIndex = 0; path = ninjaGoldUITests.xctest; sourceTree = BUILT_PRODUCTS_DIR; };
		894B991B1E9359F000408A68 /* ninjaGoldUITests.swift */ = {isa = PBXFileReference; lastKnownFileType = sourcecode.swift; path = ninjaGoldUITests.swift; sourceTree = "<group>"; };
		894B991D1E9359F000408A68 /* Info.plist */ = {isa = PBXFileReference; lastKnownFileType = text.plist.xml; path = Info.plist; sourceTree = "<group>"; };
/* End PBXFileReference section */

/* Begin PBXFrameworksBuildPhase section */
		894B98F51E9359F000408A68 /* Frameworks */ = {
			isa = PBXFrameworksBuildPhase;
			buildActionMask = 2147483647;
			files = (
			);
			runOnlyForDeploymentPostprocessing = 0;
		};
		894B99091E9359F000408A68 /* Frameworks */ = {
			isa = PBXFrameworksBuildPhase;
			buildActionMask = 2147483647;
			files = (
			);
			runOnlyForDeploymentPostprocessing = 0;
		};
		894B99141E9359F000408A68 /* Frameworks */ = {
			isa = PBXFrameworksBuildPhase;
			buildActionMask = 2147483647;
			files = (
			);
			runOnlyForDeploymentPostprocessing = 0;
		};
/* End PBXFrameworksBuildPhase section */

/* Begin PBXGroup section */
		894B98EF1E9359EF00408A68 = {
			isa = PBXGroup;
			children = (
				894B98FA1E9359F000408A68 /* ninjaGold */,
				894B990F1E9359F000408A68 /* ninjaGoldTests */,
				894B991A1E9359F000408A68 /* ninjaGoldUITests */,
				894B98F91E9359F000408A68 /* Products */,
			);
			sourceTree = "<group>";
		};
		894B98F91E9359F000408A68 /* Products */ = {
			isa = PBXGroup;
			children = (
				894B98F81E9359F000408A68 /* ninjaGold.app */,
				894B990C1E9359F000408A68 /* ninjaGoldTests.xctest */,
				894B99171E9359F000408A68 /* ninjaGoldUITests.xctest */,
			);
			name = Products;
			sourceTree = "<group>";
		};
		894B98FA1E9359F000408A68 /* ninjaGold */ = {
			isa = PBXGroup;
			children = (
				894B98FB1E9359F000408A68 /* AppDelegate.swift */,
				894B98FD1E9359F000408A68 /* ViewController.swift */,
				894B98FF1E9359F000408A68 /* Main.storyboard */,
				894B99021E9359F000408A68 /* Assets.xcassets */,
				894B99041E9359F000408A68 /* LaunchScreen.storyboard */,
				894B99071E9359F000408A68 /* Info.plist */,
			);
			path = ninjaGold;
			sourceTree = "<group>";
		};
		894B990F1E9359F000408A68 /* ninjaGoldTests */ = {
			isa = PBXGroup;
			children = (
				894B99101E9359F000408A68 /* ninjaGoldTests.swift */,
				894B99121E9359F000408A68 /* Info.plist */,
			);
			path = ninjaGoldTests;
			sourceTree = "<group>";
		};
		894B991A1E9359F000408A68 /* ninjaGoldUITests */ = {
			isa = PBXGroup;
			children = (
				894B991B1E9359F000408A68 /* ninjaGoldUITests.swift */,
				894B991D1E9359F000408A68 /* Info.plist */,
			);
			path = ninjaGoldUITests;
			sourceTree = "<group>";
		};
/* End PBXGroup section */

/* Begin PBXNativeTarget section */
		894B98F71E9359F000408A68 /* ninjaGold */ = {
			isa = PBXNativeTarget;
			buildConfigurationList = 894B99201E9359F000408A68 /* Build configuration list for PBXNativeTarget "ninjaGold" */;
			buildPhases = (
				894B98F41E9359F000408A68 /* Sources */,
				894B98F51E9359F000408A68 /* Frameworks */,
				894B98F61E9359F000408A68 /* Resources */,
			);
			buildRules = (
			);
			dependencies = (
			);
			name = ninjaGold;
			productName = ninjaGold;
			productReference = 894B98F81E9359F000408A68 /* ninjaGold.app */;
			productType = "com.apple.product-type.application";
		};
		894B990B1E9359F000408A68 /* ninjaGoldTests */ = {
			isa = PBXNativeTarget;
			buildConfigurationList = 894B99231E9359F000408A68 /* Build configuration list for PBXNativeTarget "ninjaGoldTests" */;
			buildPhases = (
				894B99081E9359F000408A68 /* Sources */,
				894B99091E9359F000408A68 /* Frameworks */,
				894B990A1E9359F000408A68 /* Resources */,
			);
			buildRules = (
			);
			dependencies = (
				894B990E1E9359F000408A68 /* PBXTargetDependency */,
			);
			name = ninjaGoldTests;
			productName = ninjaGoldTests;
			productReference = 894B990C1E9359F000408A68 /* ninjaGoldTests.xctest */;
			productType = "com.apple.product-type.bundle.unit-test";
		};
		894B99161E9359F000408A68 /* ninjaGoldUITests */ = {
			isa = PBXNativeTarget;
			buildConfigurationList = 894B99261E9359F000408A68 /* Build configuration list for PBXNativeTarget "ninjaGoldUITests" */;
			buildPhases = (
				894B99131E9359F000408A68 /* Sources */,
				894B99141E9359F000408A68 /* Frameworks */,
				894B99151E9359F000408A68 /* Resources */,
			);
			buildRules = (
			);
			dependencies = (
				894B99191E9359F000408A68 /* PBXTargetDependency */,
			);
			name = ninjaGoldUITests;
			productName = ninjaGoldUITests;
			productReference = 894B99171E9359F000408A68 /* ninjaGoldUITests.xctest */;
			productType = "com.apple.product-type.bundle.ui-testing";
		};
/* End PBXNativeTarget section */

/* Begin PBXProject section */
		894B98F01E9359EF00408A68 /* Project object */ = {
			isa = PBXProject;
			attributes = {
				LastSwiftUpdateCheck = 0830;
				LastUpgradeCheck = 0830;
				ORGANIZATIONNAME = "Briggs McKnight";
				TargetAttributes = {
					894B98F71E9359F000408A68 = {
						CreatedOnToolsVersion = 8.3;
						ProvisioningStyle = Automatic;
					};
					894B990B1E9359F000408A68 = {
						CreatedOnToolsVersion = 8.3;
						ProvisioningStyle = Automatic;
						TestTargetID = 894B98F71E9359F000408A68;
					};
					894B99161E9359F000408A68 = {
						CreatedOnToolsVersion = 8.3;
						ProvisioningStyle = Automatic;
						TestTargetID = 894B98F71E9359F000408A68;
					};
				};
			};
			buildConfigurationList = 894B98F31E9359EF00408A68 /* Build configuration list for PBXProject "ninjaGold" */;
			compatibilityVersion = "Xcode 3.2";
			developmentRegion = English;
			hasScannedForEncodings = 0;
			knownRegions = (
				en,
				Base,
			);
			mainGroup = 894B98EF1E9359EF00408A68;
			productRefGroup = 894B98F91E9359F000408A68 /* Products */;
			projectDirPath = "";
			projectRoot = "";
			targets = (
				894B98F71E9359F000408A68 /* ninjaGold */,
				894B990B1E9359F000408A68 /* ninjaGoldTests */,
				894B99161E9359F000408A68 /* ninjaGoldUITests */,
			);
		};
/* End PBXProject section */

/* Begin PBXResourcesBuildPhase section */
		894B98F61E9359F000408A68 /* Resources */ = {
			isa = PBXResourcesBuildPhase;
			buildActionMask = 2147483647;
			files = (
				894B99061E9359F000408A68 /* LaunchScreen.storyboard in Resources */,
				894B99031E9359F000408A68 /* Assets.xcassets in Resources */,
				894B99011E9359F000408A68 /* Main.storyboard in Resources */,
			);
			runOnlyForDeploymentPostprocessing = 0;
		};
		894B990A1E9359F000408A68 /* Resources */ = {
			isa = PBXResourcesBuildPhase;
			buildActionMask = 2147483647;
			files = (
			);
			runOnlyForDeploymentPostprocessing = 0;
		};
		894B99151E9359F000408A68 /* Resources */ = {
			isa = PBXResourcesBuildPhase;
			buildActionMask = 2147483647;
			files = (
			);
			runOnlyForDeploymentPostprocessing = 0;
		};
/* End PBXResourcesBuildPhase section */

/* Begin PBXSourcesBuildPhase section */
		894B98F41E9359F000408A68 /* Sources */ = {
			isa = PBXSourcesBuildPhase;
			buildActionMask = 2147483647;
			files = (
				894B98FE1E9359F000408A68 /* ViewController.swift in Sources */,
				894B98FC1E9359F000408A68 /* AppDelegate.swift in Sources */,
			);
			runOnlyForDeploymentPostprocessing = 0;
		};
		894B99081E9359F000408A68 /* Sources */ = {
			isa = PBXSourcesBuildPhase;
			buildActionMask = 2147483647;
			files = (
				894B99111E9359F000408A68 /* ninjaGoldTests.swift in Sources */,
			);
			runOnlyForDeploymentPostprocessing = 0;
		};
		894B99131E9359F000408A68 /* Sources */ = {
			isa = PBXSourcesBuildPhase;
			buildActionMask = 2147483647;
			files = (
				894B991C1E9359F000408A68 /* ninjaGoldUITests.swift in Sources */,
			);
			runOnlyForDeploymentPostprocessing = 0;
		};
/* End PBXSourcesBuildPhase section */

/* Begin PBXTargetDependency section */
		894B990E1E9359F000408A68 /* PBXTargetDependency */ = {
			isa = PBXTargetDependency;
			target = 894B98F71E9359F000408A68 /* ninjaGold */;
			targetProxy = 894B990D1E9359F000408A68 /* PBXContainerItemProxy */;
		};
		894B99191E9359F000408A68 /* PBXTargetDependency */ = {
			isa = PBXTargetDependency;
			target = 894B98F71E9359F000408A68 /* ninjaGold */;
			targetProxy = 894B99181E9359F000408A68 /* PBXContainerItemProxy */;
		};
/* End PBXTargetDependency section */

/* Begin PBXVariantGroup section */
		894B98FF1E9359F000408A68 /* Main.storyboard */ = {
			isa = PBXVariantGroup;
			children = (
				894B99001E9359F000408A68 /* Base */,
			);
			name = Main.storyboard;
			sourceTree = "<group>";
		};
		894B99041E9359F000408A68 /* LaunchScreen.storyboard */ = {
			isa = PBXVariantGroup;
			children = (
				894B99051E9359F000408A68 /* Base */,
			);
			name = LaunchScreen.storyboard;
			sourceTree = "<group>";
		};
/* End PBXVariantGroup section */

/* Begin XCBuildConfiguration section */
		894B991E1E9359F000408A68 /* Debug */ = {
			isa = XCBuildConfiguration;
			buildSettings = {
				ALWAYS_SEARCH_USER_PATHS = NO;
				CLANG_ANALYZER_NONNULL = YES;
				CLANG_ANALYZER_NUMBER_OBJECT_CONVERSION = YES_AGGRESSIVE;
				CLANG_CXX_LANGUAGE_STANDARD = "gnu++0x";
				CLANG_CXX_LIBRARY = "libc++";
				CLANG_ENABLE_MODULES = YES;
				CLANG_ENABLE_OBJC_ARC = YES;
				CLANG_WARN_BOOL_CONVERSION = YES;
				CLANG_WARN_CONSTANT_CONVERSION = YES;
				CLANG_WARN_DIRECT_OBJC_ISA_USAGE = YES_ERROR;
				CLANG_WARN_DOCUMENTATION_COMMENTS = YES;
				CLANG_WARN_EMPTY_BODY = YES;
				CLANG_WARN_ENUM_CONVERSION = YES;
				CLANG_WARN_INFINITE_RECURSION = YES;
				CLANG_WARN_INT_CONVERSION = YES;
				CLANG_WARN_OBJC_ROOT_CLASS = YES_ERROR;
				CLANG_WARN_SUSPICIOUS_MOVE = YES;
				CLANG_WARN_UNREACHABLE_CODE = YES;
				CLANG_WARN__DUPLICATE_METHOD_MATCH = YES;
				"CODE_SIGN_IDENTITY[sdk=iphoneos*]" = "iPhone Developer";
				COPY_PHASE_STRIP = NO;
				DEBUG_INFORMATION_FORMAT = dwarf;
				ENABLE_STRICT_OBJC_MSGSEND = YES;
				ENABLE_TESTABILITY = YES;
				GCC_C_LANGUAGE_STANDARD = gnu99;
				GCC_DYNAMIC_NO_PIC = NO;
				GCC_NO_COMMON_BLOCKS = YES;
				GCC_OPTIMIZATION_LEVEL = 0;
				GCC_PREPROCESSOR_DEFINITIONS = (
					"DEBUG=1",
					"$(inherited)",
				);
				GCC_WARN_64_TO_32_BIT_CONVERSION = YES;
				GCC_WARN_ABOUT_RETURN_TYPE = YES_ERROR;
				GCC_WARN_UNDECLARED_SELECTOR = YES;
				GCC_WARN_UNINITIALIZED_AUTOS = YES_AGGRESSIVE;
				GCC_WARN_UNUSED_FUNCTION = YES;
				GCC_WARN_UNUSED_VARIABLE = YES;
				IPHONEOS_DEPLOYMENT_TARGET = 10.3;
				MTL_ENABLE_DEBUG_INFO = YES;
				ONLY_ACTIVE_ARCH = YES;
				SDKROOT = iphoneos;
				SWIFT_ACTIVE_COMPILATION_CONDITIONS = DEBUG;
				SWIFT_OPTIMIZATION_LEVEL = "-Onone";
				TARGETED_DEVICE_FAMILY = "1,2";
			};
			name = Debug;
		};
		894B991F1E9359F000408A68 /* Release */ = {
			isa = XCBuildConfiguration;
			buildSettings = {
				ALWAYS_SEARCH_USER_PATHS = NO;
				CLANG_ANALYZER_NONNULL = YES;
				CLANG_ANALYZER_NUMBER_OBJECT_CONVERSION = YES_AGGRESSIVE;
				CLANG_CXX_LANGUAGE_STANDARD = "gnu++0x";
				CLANG_CXX_LIBRARY = "libc++";
				CLANG_ENABLE_MODULES = YES;
				CLANG_ENABLE_OBJC_ARC = YES;
				CLANG_WARN_BOOL_CONVERSION = YES;
				CLANG_WARN_CONSTANT_CONVERSION = YES;
				CLANG_WARN_DIRECT_OBJC_ISA_USAGE = YES_ERROR;
				CLANG_WARN_DOCUMENTATION_COMMENTS = YES;
				CLANG_WARN_EMPTY_BODY = YES;
				CLANG_WARN_ENUM_CONVERSION = YES;
				CLANG_WARN_INFINITE_RECURSION = YES;
				CLANG_WARN_INT_CONVERSION = YES;
				CLANG_WARN_OBJC_ROOT_CLASS = YES_ERROR;
				CLANG_WARN_SUSPICIOUS_MOVE = YES;
				CLANG_WARN_UNREACHABLE_CODE = YES;
				CLANG_WARN__DUPLICATE_METHOD_MATCH = YES;
				"CODE_SIGN_IDENTITY[sdk=iphoneos*]" = "iPhone Developer";
				COPY_PHASE_STRIP = NO;
				DEBUG_INFORMATION_FORMAT = "dwarf-with-dsym";
				ENABLE_NS_ASSERTIONS = NO;
				ENABLE_STRICT_OBJC_MSGSEND = YES;
				GCC_C_LANGUAGE_STANDARD = gnu99;
				GCC_NO_COMMON_BLOCKS = YES;
				GCC_WARN_64_TO_32_BIT_CONVERSION = YES;
				GCC_WARN_ABOUT_RETURN_TYPE = YES_ERROR;
				GCC_WARN_UNDECLARED_SELECTOR = YES;
				GCC_WARN_UNINITIALIZED_AUTOS = YES_AGGRESSIVE;
				GCC_WARN_UNUSED_FUNCTION = YES;
				GCC_WARN_UNUSED_VARIABLE = YES;
				IPHONEOS_DEPLOYMENT_TARGET = 10.3;
				MTL_ENABLE_DEBUG_INFO = NO;
				SDKROOT = iphoneos;
				SWIFT_OPTIMIZATION_LEVEL = "-Owholemodule";
				TARGETED_DEVICE_FAMILY = "1,2";
				VALIDATE_PRODUCT = YES;
			};
			name = Release;
		};
		894B99211E9359F000408A68 /* Debug */ = {
			isa = XCBuildConfiguration;
			buildSettings = {
				ASSETCATALOG_COMPILER_APPICON_NAME = AppIcon;
				INFOPLIST_FILE = ninjaGold/Info.plist;
				LD_RUNPATH_SEARCH_PATHS = "$(inherited) @executable_path/Frameworks";
				PRODUCT_BUNDLE_IDENTIFIER = BAM.ninjaGold;
				PRODUCT_NAME = "$(TARGET_NAME)";
				SWIFT_VERSION = 3.0;
			};
			name = Debug;
		};
		894B99221E9359F000408A68 /* Release */ = {
			isa = XCBuildConfiguration;
			buildSettings = {
				ASSETCATALOG_COMPILER_APPICON_NAME = AppIcon;
				INFOPLIST_FILE = ninjaGold/Info.plist;
				LD_RUNPATH_SEARCH_PATHS = "$(inherited) @executable_path/Frameworks";
				PRODUCT_BUNDLE_IDENTIFIER = BAM.ninjaGold;
				PRODUCT_NAME = "$(TARGET_NAME)";
				SWIFT_VERSION = 3.0;
			};
			name = Release;
		};
		894B99241E9359F000408A68 /* Debug */ = {
			isa = XCBuildConfiguration;
			buildSettings = {
				ALWAYS_EMBED_SWIFT_STANDARD_LIBRARIES = YES;
				BUNDLE_LOADER = "$(TEST_HOST)";
				INFOPLIST_FILE = ninjaGoldTests/Info.plist;
				LD_RUNPATH_SEARCH_PATHS = "$(inherited) @executable_path/Frameworks @loader_path/Frameworks";
				PRODUCT_BUNDLE_IDENTIFIER = BAM.ninjaGoldTests;
				PRODUCT_NAME = "$(TARGET_NAME)";
				SWIFT_VERSION = 3.0;
				TEST_HOST = "$(BUILT_PRODUCTS_DIR)/ninjaGold.app/ninjaGold";
			};
			name = Debug;
		};
		894B99251E9359F000408A68 /* Release */ = {
			isa = XCBuildConfiguration;
			buildSettings = {
				ALWAYS_EMBED_SWIFT_STANDARD_LIBRARIES = YES;
				BUNDLE_LOADER = "$(TEST_HOST)";
				INFOPLIST_FILE = ninjaGoldTests/Info.plist;
				LD_RUNPATH_SEARCH_PATHS = "$(inherited) @executable_path/Frameworks @loader_path/Frameworks";
				PRODUCT_BUNDLE_IDENTIFIER = BAM.ninjaGoldTests;
				PRODUCT_NAME = "$(TARGET_NAME)";
				SWIFT_VERSION = 3.0;
				TEST_HOST = "$(BUILT_PRODUCTS_DIR)/ninjaGold.app/ninjaGold";
			};
			name = Release;
		};
		894B99271E9359F000408A68 /* Debug */ = {
			isa = XCBuildConfiguration;
			buildSettings = {
				ALWAYS_EMBED_SWIFT_STANDARD_LIBRARIES = YES;
				INFOPLIST_FILE = ninjaGoldUITests/Info.plist;
				LD_RUNPATH_SEARCH_PATHS = "$(inherited) @executable_path/Frameworks @loader_path/Frameworks";
				PRODUCT_BUNDLE_IDENTIFIER = BAM.ninjaGoldUITests;
				PRODUCT_NAME = "$(TARGET_NAME)";
				SWIFT_VERSION = 3.0;
				TEST_TARGET_NAME = ninjaGold;
			};
			name = Debug;
		};
		894B99281E9359F000408A68 /* Release */ = {
			isa = XCBuildConfiguration;
			buildSettings = {
				ALWAYS_EMBED_SWIFT_STANDARD_LIBRARIES = YES;
				INFOPLIST_FILE = ninjaGoldUITests/Info.plist;
				LD_RUNPATH_SEARCH_PATHS = "$(inherited) @executable_path/Frameworks @loader_path/Frameworks";
				PRODUCT_BUNDLE_IDENTIFIER = BAM.ninjaGoldUITests;
				PRODUCT_NAME = "$(TARGET_NAME)";
				SWIFT_VERSION = 3.0;
				TEST_TARGET_NAME = ninjaGold;
			};
			name = Release;
		};
/* End XCBuildConfiguration section */

/* Begin XCConfigurationList section */
		894B98F31E9359EF00408A68 /* Build configuration list for PBXProject "ninjaGold" */ = {
			isa = XCConfigurationList;
			buildConfigurations = (
				894B991E1E9359F000408A68 /* Debug */,
				894B991F1E9359F000408A68 /* Release */,
			);
			defaultConfigurationIsVisible = 0;
			defaultConfigurationName = Release;
		};
		894B99201E9359F000408A68 /* Build configuration list for PBXNativeTarget "ninjaGold" */ = {
			isa = XCConfigurationList;
			buildConfigurations = (
				894B99211E9359F000408A68 /* Debug */,
				894B99221E9359F000408A68 /* Release */,
			);
			defaultConfigurationIsVisible = 0;
		};
		894B99231E9359F000408A68 /* Build configuration list for PBXNativeTarget "ninjaGoldTests" */ = {
			isa = XCConfigurationList;
			buildConfigurations = (
				894B99241E9359F000408A68 /* Debug */,
				894B99251E9359F000408A68 /* Release */,
			);
			defaultConfigurationIsVisible = 0;
		};
		894B99261E9359F000408A68 /* Build configuration list for PBXNativeTarget "ninjaGoldUITests" */ = {
			isa = XCConfigurationList;
			buildConfigurations = (
				894B99271E9359F000408A68 /* Debug */,
				894B99281E9359F000408A68 /* Release */,
			);
			defaultConfigurationIsVisible = 0;
		};
/* End XCConfigurationList section */
	};
	rootObject = 894B98F01E9359EF00408A68 /* Project object */;
}
