// !$*UTF8*$!
{
	archiveVersion = 1;
	classes = {
	};
	objectVersion = 46;
	objects = {

/* Begin PBXBuildFile section */
		893D94E11EA18DFF00C2DCA9 /* AppDelegate.swift in Sources */ = {isa = PBXBuildFile; fileRef = 893D94E01EA18DFF00C2DCA9 /* AppDelegate.swift */; };
		893D94E31EA18DFF00C2DCA9 /* ViewController.swift in Sources */ = {isa = PBXBuildFile; fileRef = 893D94E21EA18DFF00C2DCA9 /* ViewController.swift */; };
		893D94E61EA18DFF00C2DCA9 /* Main.storyboard in Resources */ = {isa = PBXBuildFile; fileRef = 893D94E41EA18DFF00C2DCA9 /* Main.storyboard */; };
		893D94E91EA18DFF00C2DCA9 /* ToDoList.xcdatamodeld in Sources */ = {isa = PBXBuildFile; fileRef = 893D94E71EA18DFF00C2DCA9 /* ToDoList.xcdatamodeld */; };
		893D94EB1EA18DFF00C2DCA9 /* Assets.xcassets in Resources */ = {isa = PBXBuildFile; fileRef = 893D94EA1EA18DFF00C2DCA9 /* Assets.xcassets */; };
		893D94EE1EA18DFF00C2DCA9 /* LaunchScreen.storyboard in Resources */ = {isa = PBXBuildFile; fileRef = 893D94EC1EA18DFF00C2DCA9 /* LaunchScreen.storyboard */; };
		893D94F91EA18DFF00C2DCA9 /* ToDoListTests.swift in Sources */ = {isa = PBXBuildFile; fileRef = 893D94F81EA18DFF00C2DCA9 /* ToDoListTests.swift */; };
		893D95041EA18DFF00C2DCA9 /* ToDoListUITests.swift in Sources */ = {isa = PBXBuildFile; fileRef = 893D95031EA18DFF00C2DCA9 /* ToDoListUITests.swift */; };
/* End PBXBuildFile section */

/* Begin PBXContainerItemProxy section */
		893D94F51EA18DFF00C2DCA9 /* PBXContainerItemProxy */ = {
			isa = PBXContainerItemProxy;
			containerPortal = 893D94D51EA18DFF00C2DCA9 /* Project object */;
			proxyType = 1;
			remoteGlobalIDString = 893D94DC1EA18DFF00C2DCA9;
			remoteInfo = ToDoList;
		};
		893D95001EA18DFF00C2DCA9 /* PBXContainerItemProxy */ = {
			isa = PBXContainerItemProxy;
			containerPortal = 893D94D51EA18DFF00C2DCA9 /* Project object */;
			proxyType = 1;
			remoteGlobalIDString = 893D94DC1EA18DFF00C2DCA9;
			remoteInfo = ToDoList;
		};
/* End PBXContainerItemProxy section */

/* Begin PBXFileReference section */
		893D94DD1EA18DFF00C2DCA9 /* ToDoList.app */ = {isa = PBXFileReference; explicitFileType = wrapper.application; includeInIndex = 0; path = ToDoList.app; sourceTree = BUILT_PRODUCTS_DIR; };
		893D94E01EA18DFF00C2DCA9 /* AppDelegate.swift */ = {isa = PBXFileReference; lastKnownFileType = sourcecode.swift; path = AppDelegate.swift; sourceTree = "<group>"; };
		893D94E21EA18DFF00C2DCA9 /* ViewController.swift */ = {isa = PBXFileReference; lastKnownFileType = sourcecode.swift; path = ViewController.swift; sourceTree = "<group>"; };
		893D94E51EA18DFF00C2DCA9 /* Base */ = {isa = PBXFileReference; lastKnownFileType = file.storyboard; name = Base; path = Base.lproj/Main.storyboard; sourceTree = "<group>"; };
		893D94E81EA18DFF00C2DCA9 /* ToDoList.xcdatamodel */ = {isa = PBXFileReference; lastKnownFileType = wrapper.xcdatamodel; path = ToDoList.xcdatamodel; sourceTree = "<group>"; };
		893D94EA1EA18DFF00C2DCA9 /* Assets.xcassets */ = {isa = PBXFileReference; lastKnownFileType = folder.assetcatalog; path = Assets.xcassets; sourceTree = "<group>"; };
		893D94ED1EA18DFF00C2DCA9 /* Base */ = {isa = PBXFileReference; lastKnownFileType = file.storyboard; name = Base; path = Base.lproj/LaunchScreen.storyboard; sourceTree = "<group>"; };
		893D94EF1EA18DFF00C2DCA9 /* Info.plist */ = {isa = PBXFileReference; lastKnownFileType = text.plist.xml; path = Info.plist; sourceTree = "<group>"; };
		893D94F41EA18DFF00C2DCA9 /* ToDoListTests.xctest */ = {isa = PBXFileReference; explicitFileType = wrapper.cfbundle; includeInIndex = 0; path = ToDoListTests.xctest; sourceTree = BUILT_PRODUCTS_DIR; };
		893D94F81EA18DFF00C2DCA9 /* ToDoListTests.swift */ = {isa = PBXFileReference; lastKnownFileType = sourcecode.swift; path = ToDoListTests.swift; sourceTree = "<group>"; };
		893D94FA1EA18DFF00C2DCA9 /* Info.plist */ = {isa = PBXFileReference; lastKnownFileType = text.plist.xml; path = Info.plist; sourceTree = "<group>"; };
		893D94FF1EA18DFF00C2DCA9 /* ToDoListUITests.xctest */ = {isa = PBXFileReference; explicitFileType = wrapper.cfbundle; includeInIndex = 0; path = ToDoListUITests.xctest; sourceTree = BUILT_PRODUCTS_DIR; };
		893D95031EA18DFF00C2DCA9 /* ToDoListUITests.swift */ = {isa = PBXFileReference; lastKnownFileType = sourcecode.swift; path = ToDoListUITests.swift; sourceTree = "<group>"; };
		893D95051EA18DFF00C2DCA9 /* Info.plist */ = {isa = PBXFileReference; lastKnownFileType = text.plist.xml; path = Info.plist; sourceTree = "<group>"; };
/* End PBXFileReference section */

/* Begin PBXFrameworksBuildPhase section */
		893D94DA1EA18DFF00C2DCA9 /* Frameworks */ = {
			isa = PBXFrameworksBuildPhase;
			buildActionMask = 2147483647;
			files = (
			);
			runOnlyForDeploymentPostprocessing = 0;
		};
		893D94F11EA18DFF00C2DCA9 /* Frameworks */ = {
			isa = PBXFrameworksBuildPhase;
			buildActionMask = 2147483647;
			files = (
			);
			runOnlyForDeploymentPostprocessing = 0;
		};
		893D94FC1EA18DFF00C2DCA9 /* Frameworks */ = {
			isa = PBXFrameworksBuildPhase;
			buildActionMask = 2147483647;
			files = (
			);
			runOnlyForDeploymentPostprocessing = 0;
		};
/* End PBXFrameworksBuildPhase section */

/* Begin PBXGroup section */
		893D94D41EA18DFF00C2DCA9 = {
			isa = PBXGroup;
			children = (
				893D94DF1EA18DFF00C2DCA9 /* ToDoList */,
				893D94F71EA18DFF00C2DCA9 /* ToDoListTests */,
				893D95021EA18DFF00C2DCA9 /* ToDoListUITests */,
				893D94DE1EA18DFF00C2DCA9 /* Products */,
			);
			sourceTree = "<group>";
		};
		893D94DE1EA18DFF00C2DCA9 /* Products */ = {
			isa = PBXGroup;
			children = (
				893D94DD1EA18DFF00C2DCA9 /* ToDoList.app */,
				893D94F41EA18DFF00C2DCA9 /* ToDoListTests.xctest */,
				893D94FF1EA18DFF00C2DCA9 /* ToDoListUITests.xctest */,
			);
			name = Products;
			sourceTree = "<group>";
		};
		893D94DF1EA18DFF00C2DCA9 /* ToDoList */ = {
			isa = PBXGroup;
			children = (
				893D94E01EA18DFF00C2DCA9 /* AppDelegate.swift */,
				893D94E21EA18DFF00C2DCA9 /* ViewController.swift */,
				893D94E41EA18DFF00C2DCA9 /* Main.storyboard */,
				893D94EA1EA18DFF00C2DCA9 /* Assets.xcassets */,
				893D94EC1EA18DFF00C2DCA9 /* LaunchScreen.storyboard */,
				893D94EF1EA18DFF00C2DCA9 /* Info.plist */,
				893D94E71EA18DFF00C2DCA9 /* ToDoList.xcdatamodeld */,
			);
			path = ToDoList;
			sourceTree = "<group>";
		};
		893D94F71EA18DFF00C2DCA9 /* ToDoListTests */ = {
			isa = PBXGroup;
			children = (
				893D94F81EA18DFF00C2DCA9 /* ToDoListTests.swift */,
				893D94FA1EA18DFF00C2DCA9 /* Info.plist */,
			);
			path = ToDoListTests;
			sourceTree = "<group>";
		};
		893D95021EA18DFF00C2DCA9 /* ToDoListUITests */ = {
			isa = PBXGroup;
			children = (
				893D95031EA18DFF00C2DCA9 /* ToDoListUITests.swift */,
				893D95051EA18DFF00C2DCA9 /* Info.plist */,
			);
			path = ToDoListUITests;
			sourceTree = "<group>";
		};
/* End PBXGroup section */

/* Begin PBXNativeTarget section */
		893D94DC1EA18DFF00C2DCA9 /* ToDoList */ = {
			isa = PBXNativeTarget;
			buildConfigurationList = 893D95081EA18DFF00C2DCA9 /* Build configuration list for PBXNativeTarget "ToDoList" */;
			buildPhases = (
				893D94D91EA18DFF00C2DCA9 /* Sources */,
				893D94DA1EA18DFF00C2DCA9 /* Frameworks */,
				893D94DB1EA18DFF00C2DCA9 /* Resources */,
			);
			buildRules = (
			);
			dependencies = (
			);
			name = ToDoList;
			productName = ToDoList;
			productReference = 893D94DD1EA18DFF00C2DCA9 /* ToDoList.app */;
			productType = "com.apple.product-type.application";
		};
		893D94F31EA18DFF00C2DCA9 /* ToDoListTests */ = {
			isa = PBXNativeTarget;
			buildConfigurationList = 893D950B1EA18DFF00C2DCA9 /* Build configuration list for PBXNativeTarget "ToDoListTests" */;
			buildPhases = (
				893D94F01EA18DFF00C2DCA9 /* Sources */,
				893D94F11EA18DFF00C2DCA9 /* Frameworks */,
				893D94F21EA18DFF00C2DCA9 /* Resources */,
			);
			buildRules = (
			);
			dependencies = (
				893D94F61EA18DFF00C2DCA9 /* PBXTargetDependency */,
			);
			name = ToDoListTests;
			productName = ToDoListTests;
			productReference = 893D94F41EA18DFF00C2DCA9 /* ToDoListTests.xctest */;
			productType = "com.apple.product-type.bundle.unit-test";
		};
		893D94FE1EA18DFF00C2DCA9 /* ToDoListUITests */ = {
			isa = PBXNativeTarget;
			buildConfigurationList = 893D950E1EA18DFF00C2DCA9 /* Build configuration list for PBXNativeTarget "ToDoListUITests" */;
			buildPhases = (
				893D94FB1EA18DFF00C2DCA9 /* Sources */,
				893D94FC1EA18DFF00C2DCA9 /* Frameworks */,
				893D94FD1EA18DFF00C2DCA9 /* Resources */,
			);
			buildRules = (
			);
			dependencies = (
				893D95011EA18DFF00C2DCA9 /* PBXTargetDependency */,
			);
			name = ToDoListUITests;
			productName = ToDoListUITests;
			productReference = 893D94FF1EA18DFF00C2DCA9 /* ToDoListUITests.xctest */;
			productType = "com.apple.product-type.bundle.ui-testing";
		};
/* End PBXNativeTarget section */

/* Begin PBXProject section */
		893D94D51EA18DFF00C2DCA9 /* Project object */ = {
			isa = PBXProject;
			attributes = {
				LastSwiftUpdateCheck = 0830;
				LastUpgradeCheck = 0830;
				ORGANIZATIONNAME = "Briggs McKnight";
				TargetAttributes = {
					893D94DC1EA18DFF00C2DCA9 = {
						CreatedOnToolsVersion = 8.3;
						ProvisioningStyle = Automatic;
					};
					893D94F31EA18DFF00C2DCA9 = {
						CreatedOnToolsVersion = 8.3;
						ProvisioningStyle = Automatic;
						TestTargetID = 893D94DC1EA18DFF00C2DCA9;
					};
					893D94FE1EA18DFF00C2DCA9 = {
						CreatedOnToolsVersion = 8.3;
						ProvisioningStyle = Automatic;
						TestTargetID = 893D94DC1EA18DFF00C2DCA9;
					};
				};
			};
			buildConfigurationList = 893D94D81EA18DFF00C2DCA9 /* Build configuration list for PBXProject "ToDoList" */;
			compatibilityVersion = "Xcode 3.2";
			developmentRegion = English;
			hasScannedForEncodings = 0;
			knownRegions = (
				en,
				Base,
			);
			mainGroup = 893D94D41EA18DFF00C2DCA9;
			productRefGroup = 893D94DE1EA18DFF00C2DCA9 /* Products */;
			projectDirPath = "";
			projectRoot = "";
			targets = (
				893D94DC1EA18DFF00C2DCA9 /* ToDoList */,
				893D94F31EA18DFF00C2DCA9 /* ToDoListTests */,
				893D94FE1EA18DFF00C2DCA9 /* ToDoListUITests */,
			);
		};
/* End PBXProject section */

/* Begin PBXResourcesBuildPhase section */
		893D94DB1EA18DFF00C2DCA9 /* Resources */ = {
			isa = PBXResourcesBuildPhase;
			buildActionMask = 2147483647;
			files = (
				893D94EE1EA18DFF00C2DCA9 /* LaunchScreen.storyboard in Resources */,
				893D94EB1EA18DFF00C2DCA9 /* Assets.xcassets in Resources */,
				893D94E61EA18DFF00C2DCA9 /* Main.storyboard in Resources */,
			);
			runOnlyForDeploymentPostprocessing = 0;
		};
		893D94F21EA18DFF00C2DCA9 /* Resources */ = {
			isa = PBXResourcesBuildPhase;
			buildActionMask = 2147483647;
			files = (
			);
			runOnlyForDeploymentPostprocessing = 0;
		};
		893D94FD1EA18DFF00C2DCA9 /* Resources */ = {
			isa = PBXResourcesBuildPhase;
			buildActionMask = 2147483647;
			files = (
			);
			runOnlyForDeploymentPostprocessing = 0;
		};
/* End PBXResourcesBuildPhase section */

/* Begin PBXSourcesBuildPhase section */
		893D94D91EA18DFF00C2DCA9 /* Sources */ = {
			isa = PBXSourcesBuildPhase;
			buildActionMask = 2147483647;
			files = (
				893D94E31EA18DFF00C2DCA9 /* ViewController.swift in Sources */,
				893D94E91EA18DFF00C2DCA9 /* ToDoList.xcdatamodeld in Sources */,
				893D94E11EA18DFF00C2DCA9 /* AppDelegate.swift in Sources */,
			);
			runOnlyForDeploymentPostprocessing = 0;
		};
		893D94F01EA18DFF00C2DCA9 /* Sources */ = {
			isa = PBXSourcesBuildPhase;
			buildActionMask = 2147483647;
			files = (
				893D94F91EA18DFF00C2DCA9 /* ToDoListTests.swift in Sources */,
			);
			runOnlyForDeploymentPostprocessing = 0;
		};
		893D94FB1EA18DFF00C2DCA9 /* Sources */ = {
			isa = PBXSourcesBuildPhase;
			buildActionMask = 2147483647;
			files = (
				893D95041EA18DFF00C2DCA9 /* ToDoListUITests.swift in Sources */,
			);
			runOnlyForDeploymentPostprocessing = 0;
		};
/* End PBXSourcesBuildPhase section */

/* Begin PBXTargetDependency section */
		893D94F61EA18DFF00C2DCA9 /* PBXTargetDependency */ = {
			isa = PBXTargetDependency;
			target = 893D94DC1EA18DFF00C2DCA9 /* ToDoList */;
			targetProxy = 893D94F51EA18DFF00C2DCA9 /* PBXContainerItemProxy */;
		};
		893D95011EA18DFF00C2DCA9 /* PBXTargetDependency */ = {
			isa = PBXTargetDependency;
			target = 893D94DC1EA18DFF00C2DCA9 /* ToDoList */;
			targetProxy = 893D95001EA18DFF00C2DCA9 /* PBXContainerItemProxy */;
		};
/* End PBXTargetDependency section */

/* Begin PBXVariantGroup section */
		893D94E41EA18DFF00C2DCA9 /* Main.storyboard */ = {
			isa = PBXVariantGroup;
			children = (
				893D94E51EA18DFF00C2DCA9 /* Base */,
			);
			name = Main.storyboard;
			sourceTree = "<group>";
		};
		893D94EC1EA18DFF00C2DCA9 /* LaunchScreen.storyboard */ = {
			isa = PBXVariantGroup;
			children = (
				893D94ED1EA18DFF00C2DCA9 /* Base */,
			);
			name = LaunchScreen.storyboard;
			sourceTree = "<group>";
		};
/* End PBXVariantGroup section */

/* Begin XCBuildConfiguration section */
		893D95061EA18DFF00C2DCA9 /* Debug */ = {
			isa = XCBuildConfiguration;
			buildSettings = {
				ALWAYS_SEARCH_USER_PATHS = NO;
				CLANG_ANALYZER_NONNULL = YES;
				CLANG_ANALYZER_NUMBER_OBJECT_CONVERSION = YES_AGGRESSIVE;
				CLANG_CXX_LANGUAGE_STANDARD = "gnu++0x";
				CLANG_CXX_LIBRARY = "libc++";
				CLANG_ENABLE_MODULES = YES;
				CLANG_ENABLE_OBJC_ARC = YES;
				CLANG_WARN_BOOL_CONVERSION = YES;
				CLANG_WARN_CONSTANT_CONVERSION = YES;
				CLANG_WARN_DIRECT_OBJC_ISA_USAGE = YES_ERROR;
				CLANG_WARN_DOCUMENTATION_COMMENTS = YES;
				CLANG_WARN_EMPTY_BODY = YES;
				CLANG_WARN_ENUM_CONVERSION = YES;
				CLANG_WARN_INFINITE_RECURSION = YES;
				CLANG_WARN_INT_CONVERSION = YES;
				CLANG_WARN_OBJC_ROOT_CLASS = YES_ERROR;
				CLANG_WARN_SUSPICIOUS_MOVE = YES;
				CLANG_WARN_UNREACHABLE_CODE = YES;
				CLANG_WARN__DUPLICATE_METHOD_MATCH = YES;
				"CODE_SIGN_IDENTITY[sdk=iphoneos*]" = "iPhone Developer";
				COPY_PHASE_STRIP = NO;
				DEBUG_INFORMATION_FORMAT = dwarf;
				ENABLE_STRICT_OBJC_MSGSEND = YES;
				ENABLE_TESTABILITY = YES;
				GCC_C_LANGUAGE_STANDARD = gnu99;
				GCC_DYNAMIC_NO_PIC = NO;
				GCC_NO_COMMON_BLOCKS = YES;
				GCC_OPTIMIZATION_LEVEL = 0;
				GCC_PREPROCESSOR_DEFINITIONS = (
					"DEBUG=1",
					"$(inherited)",
				);
				GCC_WARN_64_TO_32_BIT_CONVERSION = YES;
				GCC_WARN_ABOUT_RETURN_TYPE = YES_ERROR;
				GCC_WARN_UNDECLARED_SELECTOR = YES;
				GCC_WARN_UNINITIALIZED_AUTOS = YES_AGGRESSIVE;
				GCC_WARN_UNUSED_FUNCTION = YES;
				GCC_WARN_UNUSED_VARIABLE = YES;
				IPHONEOS_DEPLOYMENT_TARGET = 10.3;
				MTL_ENABLE_DEBUG_INFO = YES;
				ONLY_ACTIVE_ARCH = YES;
				SDKROOT = iphoneos;
				SWIFT_ACTIVE_COMPILATION_CONDITIONS = DEBUG;
				SWIFT_OPTIMIZATION_LEVEL = "-Onone";
				TARGETED_DEVICE_FAMILY = "1,2";
			};
			name = Debug;
		};
		893D95071EA18DFF00C2DCA9 /* Release */ = {
			isa = XCBuildConfiguration;
			buildSettings = {
				ALWAYS_SEARCH_USER_PATHS = NO;
				CLANG_ANALYZER_NONNULL = YES;
				CLANG_ANALYZER_NUMBER_OBJECT_CONVERSION = YES_AGGRESSIVE;
				CLANG_CXX_LANGUAGE_STANDARD = "gnu++0x";
				CLANG_CXX_LIBRARY = "libc++";
				CLANG_ENABLE_MODULES = YES;
				CLANG_ENABLE_OBJC_ARC = YES;
				CLANG_WARN_BOOL_CONVERSION = YES;
				CLANG_WARN_CONSTANT_CONVERSION = YES;
				CLANG_WARN_DIRECT_OBJC_ISA_USAGE = YES_ERROR;
				CLANG_WARN_DOCUMENTATION_COMMENTS = YES;
				CLANG_WARN_EMPTY_BODY = YES;
				CLANG_WARN_ENUM_CONVERSION = YES;
				CLANG_WARN_INFINITE_RECURSION = YES;
				CLANG_WARN_INT_CONVERSION = YES;
				CLANG_WARN_OBJC_ROOT_CLASS = YES_ERROR;
				CLANG_WARN_SUSPICIOUS_MOVE = YES;
				CLANG_WARN_UNREACHABLE_CODE = YES;
				CLANG_WARN__DUPLICATE_METHOD_MATCH = YES;
				"CODE_SIGN_IDENTITY[sdk=iphoneos*]" = "iPhone Developer";
				COPY_PHASE_STRIP = NO;
				DEBUG_INFORMATION_FORMAT = "dwarf-with-dsym";
				ENABLE_NS_ASSERTIONS = NO;
				ENABLE_STRICT_OBJC_MSGSEND = YES;
				GCC_C_LANGUAGE_STANDARD = gnu99;
				GCC_NO_COMMON_BLOCKS = YES;
				GCC_WARN_64_TO_32_BIT_CONVERSION = YES;
				GCC_WARN_ABOUT_RETURN_TYPE = YES_ERROR;
				GCC_WARN_UNDECLARED_SELECTOR = YES;
				GCC_WARN_UNINITIALIZED_AUTOS = YES_AGGRESSIVE;
				GCC_WARN_UNUSED_FUNCTION = YES;
				GCC_WARN_UNUSED_VARIABLE = YES;
				IPHONEOS_DEPLOYMENT_TARGET = 10.3;
				MTL_ENABLE_DEBUG_INFO = NO;
				SDKROOT = iphoneos;
				SWIFT_OPTIMIZATION_LEVEL = "-Owholemodule";
				TARGETED_DEVICE_FAMILY = "1,2";
				VALIDATE_PRODUCT = YES;
			};
			name = Release;
		};
		893D95091EA18DFF00C2DCA9 /* Debug */ = {
			isa = XCBuildConfiguration;
			buildSettings = {
				ASSETCATALOG_COMPILER_APPICON_NAME = AppIcon;
				INFOPLIST_FILE = ToDoList/Info.plist;
				LD_RUNPATH_SEARCH_PATHS = "$(inherited) @executable_path/Frameworks";
				PRODUCT_BUNDLE_IDENTIFIER = BAM.ToDoList;
				PRODUCT_NAME = "$(TARGET_NAME)";
				SWIFT_VERSION = 3.0;
			};
			name = Debug;
		};
		893D950A1EA18DFF00C2DCA9 /* Release */ = {
			isa = XCBuildConfiguration;
			buildSettings = {
				ASSETCATALOG_COMPILER_APPICON_NAME = AppIcon;
				INFOPLIST_FILE = ToDoList/Info.plist;
				LD_RUNPATH_SEARCH_PATHS = "$(inherited) @executable_path/Frameworks";
				PRODUCT_BUNDLE_IDENTIFIER = BAM.ToDoList;
				PRODUCT_NAME = "$(TARGET_NAME)";
				SWIFT_VERSION = 3.0;
			};
			name = Release;
		};
		893D950C1EA18DFF00C2DCA9 /* Debug */ = {
			isa = XCBuildConfiguration;
			buildSettings = {
				ALWAYS_EMBED_SWIFT_STANDARD_LIBRARIES = YES;
				BUNDLE_LOADER = "$(TEST_HOST)";
				INFOPLIST_FILE = ToDoListTests/Info.plist;
				LD_RUNPATH_SEARCH_PATHS = "$(inherited) @executable_path/Frameworks @loader_path/Frameworks";
				PRODUCT_BUNDLE_IDENTIFIER = BAM.ToDoListTests;
				PRODUCT_NAME = "$(TARGET_NAME)";
				SWIFT_VERSION = 3.0;
				TEST_HOST = "$(BUILT_PRODUCTS_DIR)/ToDoList.app/ToDoList";
			};
			name = Debug;
		};
		893D950D1EA18DFF00C2DCA9 /* Release */ = {
			isa = XCBuildConfiguration;
			buildSettings = {
				ALWAYS_EMBED_SWIFT_STANDARD_LIBRARIES = YES;
				BUNDLE_LOADER = "$(TEST_HOST)";
				INFOPLIST_FILE = ToDoListTests/Info.plist;
				LD_RUNPATH_SEARCH_PATHS = "$(inherited) @executable_path/Frameworks @loader_path/Frameworks";
				PRODUCT_BUNDLE_IDENTIFIER = BAM.ToDoListTests;
				PRODUCT_NAME = "$(TARGET_NAME)";
				SWIFT_VERSION = 3.0;
				TEST_HOST = "$(BUILT_PRODUCTS_DIR)/ToDoList.app/ToDoList";
			};
			name = Release;
		};
		893D950F1EA18DFF00C2DCA9 /* Debug */ = {
			isa = XCBuildConfiguration;
			buildSettings = {
				ALWAYS_EMBED_SWIFT_STANDARD_LIBRARIES = YES;
				INFOPLIST_FILE = ToDoListUITests/Info.plist;
				LD_RUNPATH_SEARCH_PATHS = "$(inherited) @executable_path/Frameworks @loader_path/Frameworks";
				PRODUCT_BUNDLE_IDENTIFIER = BAM.ToDoListUITests;
				PRODUCT_NAME = "$(TARGET_NAME)";
				SWIFT_VERSION = 3.0;
				TEST_TARGET_NAME = ToDoList;
			};
			name = Debug;
		};
		893D95101EA18DFF00C2DCA9 /* Release */ = {
			isa = XCBuildConfiguration;
			buildSettings = {
				ALWAYS_EMBED_SWIFT_STANDARD_LIBRARIES = YES;
				INFOPLIST_FILE = ToDoListUITests/Info.plist;
				LD_RUNPATH_SEARCH_PATHS = "$(inherited) @executable_path/Frameworks @loader_path/Frameworks";
				PRODUCT_BUNDLE_IDENTIFIER = BAM.ToDoListUITests;
				PRODUCT_NAME = "$(TARGET_NAME)";
				SWIFT_VERSION = 3.0;
				TEST_TARGET_NAME = ToDoList;
			};
			name = Release;
		};
/* End XCBuildConfiguration section */

/* Begin XCConfigurationList section */
		893D94D81EA18DFF00C2DCA9 /* Build configuration list for PBXProject "ToDoList" */ = {
			isa = XCConfigurationList;
			buildConfigurations = (
				893D95061EA18DFF00C2DCA9 /* Debug */,
				893D95071EA18DFF00C2DCA9 /* Release */,
			);
			defaultConfigurationIsVisible = 0;
			defaultConfigurationName = Release;
		};
		893D95081EA18DFF00C2DCA9 /* Build configuration list for PBXNativeTarget "ToDoList" */ = {
			isa = XCConfigurationList;
			buildConfigurations = (
				893D95091EA18DFF00C2DCA9 /* Debug */,
				893D950A1EA18DFF00C2DCA9 /* Release */,
			);
			defaultConfigurationIsVisible = 0;
			defaultConfigurationName = Release;
		};
		893D950B1EA18DFF00C2DCA9 /* Build configuration list for PBXNativeTarget "ToDoListTests" */ = {
			isa = XCConfigurationList;
			buildConfigurations = (
				893D950C1EA18DFF00C2DCA9 /* Debug */,
				893D950D1EA18DFF00C2DCA9 /* Release */,
			);
			defaultConfigurationIsVisible = 0;
			defaultConfigurationName = Release;
		};
		893D950E1EA18DFF00C2DCA9 /* Build configuration list for PBXNativeTarget "ToDoListUITests" */ = {
			isa = XCConfigurationList;
			buildConfigurations = (
				893D950F1EA18DFF00C2DCA9 /* Debug */,
				893D95101EA18DFF00C2DCA9 /* Release */,
			);
			defaultConfigurationIsVisible = 0;
			defaultConfigurationName = Release;
		};
/* End XCConfigurationList section */

/* Begin XCVersionGroup section */
		893D94E71EA18DFF00C2DCA9 /* ToDoList.xcdatamodeld */ = {
			isa = XCVersionGroup;
			children = (
				893D94E81EA18DFF00C2DCA9 /* ToDoList.xcdatamodel */,
			);
			currentVersion = 893D94E81EA18DFF00C2DCA9 /* ToDoList.xcdatamodel */;
			path = ToDoList.xcdatamodeld;
			sourceTree = "<group>";
			versionGroupType = wrapper.xcdatamodel;
		};
/* End XCVersionGroup section */
	};
	rootObject = 893D94D51EA18DFF00C2DCA9 /* Project object */;
}
